
Microsoft Visual Studio Solution File, Format Version 11.00
# Visual Studio 2010
Project("{8BC9CEB8-8B4A-11D0-8D11-00A0C91BC942}") = "SinauSFML", "SinauSFML\SinauSFML.vcxproj", "{049FE0E9-B24A-4BC1-ACCA-F84AF4B81112}"
EndProject
Global
	GlobalSection(SolutionConfigurationPlatforms) = preSolution
		Debug|Win32 = Debug|Win32
		Release|Win32 = Release|Win32
	EndGlobalSection
	GlobalSection(ProjectConfigurationPlatforms) = postSolution
		{049FE0E9-B24A-4BC1-ACCA-F84AF4B81112}.Debug|Win32.ActiveCfg = Debug|Win32
		{049FE0E9-B24A-4BC1-ACCA-F84AF4B81112}.Debug|Win32.Build.0 = Debug|Win32
		{049FE0E9-B24A-4BC1-ACCA-F84AF4B81112}.Release|Win32.ActiveCfg = Release|Win32
		{049FE0E9-B24A-4BC1-ACCA-F84AF4B81112}.Release|Win32.Build.0 = Release|Win32
	EndGlobalSection
	GlobalSection(SolutionProperties) = preSolution
		HideSolutionNode = FALSE
	EndGlobalSection
EndGlobal
